
Microsoft Visual Studio Solution File, Format Version 11.00
# Visual Studio 2010
# SharpDevelop 5.1
Project("{FAE04EC0-301F-11D3-BF4B-00C04F79EFBC}") = "agregacion", "agregacion\agregacion.csproj", "{07CE868C-7279-40B5-81BC-5EE7C35C6BB7}"
EndProject
Global
	GlobalSection(SolutionConfigurationPlatforms) = preSolution
		Debug|Any CPU = Debug|Any CPU
		Release|Any CPU = Release|Any CPU
	EndGlobalSection
	GlobalSection(ProjectConfigurationPlatforms) = postSolution
		{07CE868C-7279-40B5-81BC-5EE7C35C6BB7}.Debug|Any CPU.ActiveCfg = Debug|Any CPU
		{07CE868C-7279-40B5-81BC-5EE7C35C6BB7}.Debug|Any CPU.Build.0 = Debug|Any CPU
		{07CE868C-7279-40B5-81BC-5EE7C35C6BB7}.Release|Any CPU.ActiveCfg = Release|Any CPU
		{07CE868C-7279-40B5-81BC-5EE7C35C6BB7}.Release|Any CPU.Build.0 = Release|Any CPU
	EndGlobalSection
EndGlobal
